
Microsoft Visual Studio Solution File, Format Version 12.00
# Visual Studio Version 17
VisualStudioVersion = 17.3.32901.215
MinimumVisualStudioVersion = 10.0.40219.1
Project("{9A19103F-16F7-4668-BE54-9A1E7A4F7556}") = "0001-TiposBasicosDeDados", "1-TiposBasicosDeDados\0001-TiposBasicosDeDados.csproj", "{2CAB575D-3A72-4264-A1BF-03ABDABA0632}"
EndProject
Project("{9A19103F-16F7-4668-BE54-9A1E7A4F7556}") = "0002-IfEElse", "2-IfElse\0002-IfEElse.csproj", "{2808265B-3CBC-4546-80E5-E62F19D00625}"
EndProject
Project("{9A19103F-16F7-4668-BE54-9A1E7A4F7556}") = "0003-WhileEFor", "3-WhileEFor\0003-WhileEFor.csproj", "{DE1E2FCE-BFCC-4720-AD3E-5941DC99992E}"
EndProject
Project("{9A19103F-16F7-4668-BE54-9A1E7A4F7556}") = "0004-ClassesPT1", "4-ClassesPT1\0004-ClassesPT1.csproj", "{92316C72-A9A3-4E8B-80EC-D0ADA5064BF3}"
EndProject
Project("{9A19103F-16F7-4668-BE54-9A1E7A4F7556}") = "0005-ClassesPT2", "5-ClassesPT2\0005-ClassesPT2.csproj", "{CDDFDE61-4ACA-4428-8693-86268A17E152}"
EndProject
Project("{9A19103F-16F7-4668-BE54-9A1E7A4F7556}") = "0006-ClassesPT3", "6-ClassesPT3\0006-ClassesPT3.csproj", "{645AC99A-FF44-4B15-A80D-CA995281B877}"
EndProject
Project("{9A19103F-16F7-4668-BE54-9A1E7A4F7556}") = "0007-ClassesPT4", "7-ClassesPT4\0007-ClassesPT4.csproj", "{62BBE60A-C0C9-4961-977D-8D7DB49C1FCC}"
EndProject
Project("{9A19103F-16F7-4668-BE54-9A1E7A4F7556}") = "0008-ClassesPT5", "8-ClassesPT5\0008-ClassesPT5.csproj", "{0522634C-1EA0-4CFD-A041-FB2B5338FBF5}"
EndProject
Project("{9A19103F-16F7-4668-BE54-9A1E7A4F7556}") = "0009-ConversorMoedas", "9-CalculadoraEConversorMoedas\0009-ConversorMoedas.csproj", "{8D0D3660-549E-47A1-8C7B-E59399C62580}"
EndProject
Project("{9A19103F-16F7-4668-BE54-9A1E7A4F7556}") = "0010-ContaBancaria", "10-ContaBancaria\0010-ContaBancaria.csproj", "{3C23DA96-E704-42A2-B679-82040F7D27A1}"
EndProject
Project("{9A19103F-16F7-4668-BE54-9A1E7A4F7556}") = "0011-Vetor", "0011-Vetor\0011-Vetor.csproj", "{3C68E07A-2E80-450C-BFE7-74E32A457EEE}"
EndProject
Project("{9A19103F-16F7-4668-BE54-9A1E7A4F7556}") = "0012-Out", "0012-Out\0012-Out.csproj", "{F4D1233D-0572-4AB6-A79B-54FB458B9A91}"
EndProject
Project("{9A19103F-16F7-4668-BE54-9A1E7A4F7556}") = "0013-Listas", "0013-Listas\0013-Listas.csproj", "{9495C03C-5DAF-4F02-B6D7-B99E397DE223}"
EndProject
Project("{9A19103F-16F7-4668-BE54-9A1E7A4F7556}") = "0014-Matriz", "0014-Matriz\0014-Matriz.csproj", "{DBA06BCF-47AD-430C-8CF4-96ABC5181F4C}"
EndProject
Project("{9A19103F-16F7-4668-BE54-9A1E7A4F7556}") = "0015-Switch", "0015-Switch\0015-Switch.csproj", "{622E9F9D-23C4-466F-BB1D-F1CA934EB465}"
EndProject
Project("{9A19103F-16F7-4668-BE54-9A1E7A4F7556}") = "0016-ExpressãoCondicionalTernária", "0016-ExpressãoCondicionalTernária\0016-ExpressãoCondicionalTernária.csproj", "{B1B4A540-DB24-418B-85D5-9B73AB424F52}"
EndProject
Project("{9A19103F-16F7-4668-BE54-9A1E7A4F7556}") = "0017-FunçõesParaStrings", "0017-FunçõesParaStrings\0017-FunçõesParaStrings.csproj", "{1F0F0E48-AAD4-4AD5-B8DC-BC82277310FC}"
EndProject
Project("{9A19103F-16F7-4668-BE54-9A1E7A4F7556}") = "0018-DateTime", "0018-DateTime\0018-DateTime.csproj", "{9718BF41-4077-4C4F-9421-5EC60F5664BA}"
EndProject
Project("{9A19103F-16F7-4668-BE54-9A1E7A4F7556}") = "0019-TimeSpan", "0019-TimeSpan\0019-TimeSpan.csproj", "{AAB34BEF-F7B5-45CC-90D6-25904E65284C}"
EndProject
Project("{9A19103F-16F7-4668-BE54-9A1E7A4F7556}") = "0020-Enumeração", "0020-Enumeração\0020-Enumeração.csproj", "{61914A33-4100-4782-9EF6-D7D8C8C5F344}"
EndProject
Project("{FAE04EC0-301F-11D3-BF4B-00C04F79EFBC}") = "0021-Composição", "0021-Composição\0021-Composição.csproj", "{A6621093-F958-4F63-83B2-5448F5192F87}"
EndProject
Global
	GlobalSection(SolutionConfigurationPlatforms) = preSolution
		Debug|Any CPU = Debug|Any CPU
		Release|Any CPU = Release|Any CPU
	EndGlobalSection
	GlobalSection(ProjectConfigurationPlatforms) = postSolution
		{2CAB575D-3A72-4264-A1BF-03ABDABA0632}.Debug|Any CPU.ActiveCfg = Debug|Any CPU
		{2CAB575D-3A72-4264-A1BF-03ABDABA0632}.Debug|Any CPU.Build.0 = Debug|Any CPU
		{2CAB575D-3A72-4264-A1BF-03ABDABA0632}.Release|Any CPU.ActiveCfg = Release|Any CPU
		{2CAB575D-3A72-4264-A1BF-03ABDABA0632}.Release|Any CPU.Build.0 = Release|Any CPU
		{2808265B-3CBC-4546-80E5-E62F19D00625}.Debug|Any CPU.ActiveCfg = Debug|Any CPU
		{2808265B-3CBC-4546-80E5-E62F19D00625}.Debug|Any CPU.Build.0 = Debug|Any CPU
		{2808265B-3CBC-4546-80E5-E62F19D00625}.Release|Any CPU.ActiveCfg = Release|Any CPU
		{2808265B-3CBC-4546-80E5-E62F19D00625}.Release|Any CPU.Build.0 = Release|Any CPU
		{DE1E2FCE-BFCC-4720-AD3E-5941DC99992E}.Debug|Any CPU.ActiveCfg = Debug|Any CPU
		{DE1E2FCE-BFCC-4720-AD3E-5941DC99992E}.Debug|Any CPU.Build.0 = Debug|Any CPU
		{DE1E2FCE-BFCC-4720-AD3E-5941DC99992E}.Release|Any CPU.ActiveCfg = Release|Any CPU
		{DE1E2FCE-BFCC-4720-AD3E-5941DC99992E}.Release|Any CPU.Build.0 = Release|Any CPU
		{92316C72-A9A3-4E8B-80EC-D0ADA5064BF3}.Debug|Any CPU.ActiveCfg = Debug|Any CPU
		{92316C72-A9A3-4E8B-80EC-D0ADA5064BF3}.Debug|Any CPU.Build.0 = Debug|Any CPU
		{92316C72-A9A3-4E8B-80EC-D0ADA5064BF3}.Release|Any CPU.ActiveCfg = Release|Any CPU
		{92316C72-A9A3-4E8B-80EC-D0ADA5064BF3}.Release|Any CPU.Build.0 = Release|Any CPU
		{CDDFDE61-4ACA-4428-8693-86268A17E152}.Debug|Any CPU.ActiveCfg = Debug|Any CPU
		{CDDFDE61-4ACA-4428-8693-86268A17E152}.Debug|Any CPU.Build.0 = Debug|Any CPU
		{CDDFDE61-4ACA-4428-8693-86268A17E152}.Release|Any CPU.ActiveCfg = Release|Any CPU
		{CDDFDE61-4ACA-4428-8693-86268A17E152}.Release|Any CPU.Build.0 = Release|Any CPU
		{645AC99A-FF44-4B15-A80D-CA995281B877}.Debug|Any CPU.ActiveCfg = Debug|Any CPU
		{645AC99A-FF44-4B15-A80D-CA995281B877}.Debug|Any CPU.Build.0 = Debug|Any CPU
		{645AC99A-FF44-4B15-A80D-CA995281B877}.Release|Any CPU.ActiveCfg = Release|Any CPU
		{645AC99A-FF44-4B15-A80D-CA995281B877}.Release|Any CPU.Build.0 = Release|Any CPU
		{62BBE60A-C0C9-4961-977D-8D7DB49C1FCC}.Debug|Any CPU.ActiveCfg = Debug|Any CPU
		{62BBE60A-C0C9-4961-977D-8D7DB49C1FCC}.Debug|Any CPU.Build.0 = Debug|Any CPU
		{62BBE60A-C0C9-4961-977D-8D7DB49C1FCC}.Release|Any CPU.ActiveCfg = Release|Any CPU
		{62BBE60A-C0C9-4961-977D-8D7DB49C1FCC}.Release|Any CPU.Build.0 = Release|Any CPU
		{0522634C-1EA0-4CFD-A041-FB2B5338FBF5}.Debug|Any CPU.ActiveCfg = Debug|Any CPU
		{0522634C-1EA0-4CFD-A041-FB2B5338FBF5}.Debug|Any CPU.Build.0 = Debug|Any CPU
		{0522634C-1EA0-4CFD-A041-FB2B5338FBF5}.Release|Any CPU.ActiveCfg = Release|Any CPU
		{0522634C-1EA0-4CFD-A041-FB2B5338FBF5}.Release|Any CPU.Build.0 = Release|Any CPU
		{8D0D3660-549E-47A1-8C7B-E59399C62580}.Debug|Any CPU.ActiveCfg = Debug|Any CPU
		{8D0D3660-549E-47A1-8C7B-E59399C62580}.Debug|Any CPU.Build.0 = Debug|Any CPU
		{8D0D3660-549E-47A1-8C7B-E59399C62580}.Release|Any CPU.ActiveCfg = Release|Any CPU
		{8D0D3660-549E-47A1-8C7B-E59399C62580}.Release|Any CPU.Build.0 = Release|Any CPU
		{3C23DA96-E704-42A2-B679-82040F7D27A1}.Debug|Any CPU.ActiveCfg = Debug|Any CPU
		{3C23DA96-E704-42A2-B679-82040F7D27A1}.Debug|Any CPU.Build.0 = Debug|Any CPU
		{3C23DA96-E704-42A2-B679-82040F7D27A1}.Release|Any CPU.ActiveCfg = Release|Any CPU
		{3C23DA96-E704-42A2-B679-82040F7D27A1}.Release|Any CPU.Build.0 = Release|Any CPU
		{3C68E07A-2E80-450C-BFE7-74E32A457EEE}.Debug|Any CPU.ActiveCfg = Debug|Any CPU
		{3C68E07A-2E80-450C-BFE7-74E32A457EEE}.Debug|Any CPU.Build.0 = Debug|Any CPU
		{3C68E07A-2E80-450C-BFE7-74E32A457EEE}.Release|Any CPU.ActiveCfg = Release|Any CPU
		{3C68E07A-2E80-450C-BFE7-74E32A457EEE}.Release|Any CPU.Build.0 = Release|Any CPU
		{F4D1233D-0572-4AB6-A79B-54FB458B9A91}.Debug|Any CPU.ActiveCfg = Debug|Any CPU
		{F4D1233D-0572-4AB6-A79B-54FB458B9A91}.Debug|Any CPU.Build.0 = Debug|Any CPU
		{F4D1233D-0572-4AB6-A79B-54FB458B9A91}.Release|Any CPU.ActiveCfg = Release|Any CPU
		{F4D1233D-0572-4AB6-A79B-54FB458B9A91}.Release|Any CPU.Build.0 = Release|Any CPU
		{9495C03C-5DAF-4F02-B6D7-B99E397DE223}.Debug|Any CPU.ActiveCfg = Debug|Any CPU
		{9495C03C-5DAF-4F02-B6D7-B99E397DE223}.Debug|Any CPU.Build.0 = Debug|Any CPU
		{9495C03C-5DAF-4F02-B6D7-B99E397DE223}.Release|Any CPU.ActiveCfg = Release|Any CPU
		{9495C03C-5DAF-4F02-B6D7-B99E397DE223}.Release|Any CPU.Build.0 = Release|Any CPU
		{DBA06BCF-47AD-430C-8CF4-96ABC5181F4C}.Debug|Any CPU.ActiveCfg = Debug|Any CPU
		{DBA06BCF-47AD-430C-8CF4-96ABC5181F4C}.Debug|Any CPU.Build.0 = Debug|Any CPU
		{DBA06BCF-47AD-430C-8CF4-96ABC5181F4C}.Release|Any CPU.ActiveCfg = Release|Any CPU
		{DBA06BCF-47AD-430C-8CF4-96ABC5181F4C}.Release|Any CPU.Build.0 = Release|Any CPU
		{622E9F9D-23C4-466F-BB1D-F1CA934EB465}.Debug|Any CPU.ActiveCfg = Debug|Any CPU
		{622E9F9D-23C4-466F-BB1D-F1CA934EB465}.Debug|Any CPU.Build.0 = Debug|Any CPU
		{622E9F9D-23C4-466F-BB1D-F1CA934EB465}.Release|Any CPU.ActiveCfg = Release|Any CPU
		{622E9F9D-23C4-466F-BB1D-F1CA934EB465}.Release|Any CPU.Build.0 = Release|Any CPU
		{B1B4A540-DB24-418B-85D5-9B73AB424F52}.Debug|Any CPU.ActiveCfg = Debug|Any CPU
		{B1B4A540-DB24-418B-85D5-9B73AB424F52}.Debug|Any CPU.Build.0 = Debug|Any CPU
		{B1B4A540-DB24-418B-85D5-9B73AB424F52}.Release|Any CPU.ActiveCfg = Release|Any CPU
		{B1B4A540-DB24-418B-85D5-9B73AB424F52}.Release|Any CPU.Build.0 = Release|Any CPU
		{1F0F0E48-AAD4-4AD5-B8DC-BC82277310FC}.Debug|Any CPU.ActiveCfg = Debug|Any CPU
		{1F0F0E48-AAD4-4AD5-B8DC-BC82277310FC}.Debug|Any CPU.Build.0 = Debug|Any CPU
		{1F0F0E48-AAD4-4AD5-B8DC-BC82277310FC}.Release|Any CPU.ActiveCfg = Release|Any CPU
		{1F0F0E48-AAD4-4AD5-B8DC-BC82277310FC}.Release|Any CPU.Build.0 = Release|Any CPU
		{9718BF41-4077-4C4F-9421-5EC60F5664BA}.Debug|Any CPU.ActiveCfg = Debug|Any CPU
		{9718BF41-4077-4C4F-9421-5EC60F5664BA}.Debug|Any CPU.Build.0 = Debug|Any CPU
		{9718BF41-4077-4C4F-9421-5EC60F5664BA}.Release|Any CPU.ActiveCfg = Release|Any CPU
		{9718BF41-4077-4C4F-9421-5EC60F5664BA}.Release|Any CPU.Build.0 = Release|Any CPU
		{AAB34BEF-F7B5-45CC-90D6-25904E65284C}.Debug|Any CPU.ActiveCfg = Debug|Any CPU
		{AAB34BEF-F7B5-45CC-90D6-25904E65284C}.Debug|Any CPU.Build.0 = Debug|Any CPU
		{AAB34BEF-F7B5-45CC-90D6-25904E65284C}.Release|Any CPU.ActiveCfg = Release|Any CPU
		{AAB34BEF-F7B5-45CC-90D6-25904E65284C}.Release|Any CPU.Build.0 = Release|Any CPU
		{61914A33-4100-4782-9EF6-D7D8C8C5F344}.Debug|Any CPU.ActiveCfg = Debug|Any CPU
		{61914A33-4100-4782-9EF6-D7D8C8C5F344}.Debug|Any CPU.Build.0 = Debug|Any CPU
		{61914A33-4100-4782-9EF6-D7D8C8C5F344}.Release|Any CPU.ActiveCfg = Release|Any CPU
		{61914A33-4100-4782-9EF6-D7D8C8C5F344}.Release|Any CPU.Build.0 = Release|Any CPU
		{A6621093-F958-4F63-83B2-5448F5192F87}.Debug|Any CPU.ActiveCfg = Debug|Any CPU
		{A6621093-F958-4F63-83B2-5448F5192F87}.Debug|Any CPU.Build.0 = Debug|Any CPU
		{A6621093-F958-4F63-83B2-5448F5192F87}.Release|Any CPU.ActiveCfg = Release|Any CPU
		{A6621093-F958-4F63-83B2-5448F5192F87}.Release|Any CPU.Build.0 = Release|Any CPU
	EndGlobalSection
	GlobalSection(SolutionProperties) = preSolution
		HideSolutionNode = FALSE
	EndGlobalSection
	GlobalSection(ExtensibilityGlobals) = postSolution
		SolutionGuid = {3A028D43-9B96-4928-A231-6DBFB1724334}
	EndGlobalSection
EndGlobal
